// !$*UTF8*$!
{
	archiveVersion = 1;
	classes = {
	};
	objectVersion = 56;
	objects = {

/* Begin PBXBuildFile section */
		6E03687C2B5D563B000C64D2 /* Search.storyboard in Resources */ = {isa = PBXBuildFile; fileRef = 6E03687B2B5D563B000C64D2 /* Search.storyboard */; };
		6E0368882B5D6496000C64D2 /* SearchTableViewCell.swift in Sources */ = {isa = PBXBuildFile; fileRef = 6E0368862B5D6496000C64D2 /* SearchTableViewCell.swift */; };
		6E0368892B5D6496000C64D2 /* SearchTableViewCell.xib in Resources */ = {isa = PBXBuildFile; fileRef = 6E0368872B5D6496000C64D2 /* SearchTableViewCell.xib */; };
		6E03688C2B5D72A3000C64D2 /* SearchResultViewModel.swift in Sources */ = {isa = PBXBuildFile; fileRef = 6E03688B2B5D72A3000C64D2 /* SearchResultViewModel.swift */; };
		6E03688E2B5D7307000C64D2 /* SearchResultViewController.swift in Sources */ = {isa = PBXBuildFile; fileRef = 6E03688D2B5D7306000C64D2 /* SearchResultViewController.swift */; };
		6E0368962B5DFC67000C64D2 /* Int+.swift in Sources */ = {isa = PBXBuildFile; fileRef = 6E0368952B5DFC67000C64D2 /* Int+.swift */; };
		6E03689D2B5E014D000C64D2 /* ProductCollectionViewCell.swift in Sources */ = {isa = PBXBuildFile; fileRef = 6E03689B2B5E014D000C64D2 /* ProductCollectionViewCell.swift */; };
		6E03689E2B5E014D000C64D2 /* ProductCollectionViewCell.xib in Resources */ = {isa = PBXBuildFile; fileRef = 6E03689C2B5E014D000C64D2 /* ProductCollectionViewCell.xib */; };
		6E0368A12B5E20E0000C64D2 /* ProductDetailViewController.swift in Sources */ = {isa = PBXBuildFile; fileRef = 6E0368A02B5E20E0000C64D2 /* ProductDetailViewController.swift */; };
		6E25C13B2B59005C00FCC927 /* AppDelegate.swift in Sources */ = {isa = PBXBuildFile; fileRef = 6E25C13A2B59005C00FCC927 /* AppDelegate.swift */; };
		6E25C13D2B59005C00FCC927 /* SceneDelegate.swift in Sources */ = {isa = PBXBuildFile; fileRef = 6E25C13C2B59005C00FCC927 /* SceneDelegate.swift */; };
		6E25C1442B59005D00FCC927 /* Assets.xcassets in Resources */ = {isa = PBXBuildFile; fileRef = 6E25C1432B59005D00FCC927 /* Assets.xcassets */; };
		6E25C1472B59005D00FCC927 /* LaunchScreen.storyboard in Resources */ = {isa = PBXBuildFile; fileRef = 6E25C1452B59005D00FCC927 /* LaunchScreen.storyboard */; };
		6E25C1642B5905B600FCC927 /* UITableView+.swift in Sources */ = {isa = PBXBuildFile; fileRef = 6E25C1592B5905B600FCC927 /* UITableView+.swift */; };
		6E25C1662B5905B600FCC927 /* Array+.swift in Sources */ = {isa = PBXBuildFile; fileRef = 6E25C15B2B5905B600FCC927 /* Array+.swift */; };
		6E25C16A2B5905B600FCC927 /* UIImage+.swift in Sources */ = {isa = PBXBuildFile; fileRef = 6E25C15F2B5905B600FCC927 /* UIImage+.swift */; };
		6E25C16B2B5905B600FCC927 /* UIImageView+.swift in Sources */ = {isa = PBXBuildFile; fileRef = 6E25C1602B5905B600FCC927 /* UIImageView+.swift */; };
		6E25C16C2B5905B600FCC927 /* UIView+.swift in Sources */ = {isa = PBXBuildFile; fileRef = 6E25C1612B5905B600FCC927 /* UIView+.swift */; };
		6E25C16D2B5905B600FCC927 /* Navigatable+.swift in Sources */ = {isa = PBXBuildFile; fileRef = 6E25C1622B5905B600FCC927 /* Navigatable+.swift */; };
		6E25C1712B59255800FCC927 /* RAModel.swift in Sources */ = {isa = PBXBuildFile; fileRef = 6E25C1702B59255800FCC927 /* RAModel.swift */; };
		6E25C1732B59258800FCC927 /* RAError.swift in Sources */ = {isa = PBXBuildFile; fileRef = 6E25C1722B59258800FCC927 /* RAError.swift */; };
		6E25C1762B59290800FCC927 /* ProductDTO.swift in Sources */ = {isa = PBXBuildFile; fileRef = 6E25C1752B59290800FCC927 /* ProductDTO.swift */; };
		6E25C17F2B592B3200FCC927 /* Navigatable.swift in Sources */ = {isa = PBXBuildFile; fileRef = 6E25C17B2B592B3200FCC927 /* Navigatable.swift */; };
		6E25C1812B592D9800FCC927 /* Product.swift in Sources */ = {isa = PBXBuildFile; fileRef = 6E25C1802B592D9800FCC927 /* Product.swift */; };
		6E25C1832B592DB700FCC927 /* RADTO.swift in Sources */ = {isa = PBXBuildFile; fileRef = 6E25C1822B592DB700FCC927 /* RADTO.swift */; };
		6E25C1872B592FC400FCC927 /* APIKey.swift in Sources */ = {isa = PBXBuildFile; fileRef = 6E25C1862B592FC400FCC927 /* APIKey.swift */; };
		6E25C1912B59314600FCC927 /* APIError.swift in Sources */ = {isa = PBXBuildFile; fileRef = 6E25C1892B59314600FCC927 /* APIError.swift */; };
		6E25C1922B59314600FCC927 /* HTTPClient.swift in Sources */ = {isa = PBXBuildFile; fileRef = 6E25C18A2B59314600FCC927 /* HTTPClient.swift */; };
		6E25C1932B59314600FCC927 /* Scheme.swift in Sources */ = {isa = PBXBuildFile; fileRef = 6E25C18C2B59314600FCC927 /* Scheme.swift */; };
		6E25C1942B59314600FCC927 /* Endpoint.swift in Sources */ = {isa = PBXBuildFile; fileRef = 6E25C18E2B59314600FCC927 /* Endpoint.swift */; };
		6E25C1952B59314600FCC927 /* APIRequest.swift in Sources */ = {isa = PBXBuildFile; fileRef = 6E25C18F2B59314600FCC927 /* APIRequest.swift */; };
		6E25C1962B59314600FCC927 /* Host.swift in Sources */ = {isa = PBXBuildFile; fileRef = 6E25C1902B59314600FCC927 /* Host.swift */; };
		6E25C1992B5931B900FCC927 /* Alamofire in Frameworks */ = {isa = PBXBuildFile; productRef = 6E25C1982B5931B900FCC927 /* Alamofire */; };
		6E25C19C2B5931DC00FCC927 /* Kingfisher in Frameworks */ = {isa = PBXBuildFile; productRef = 6E25C19B2B5931DC00FCC927 /* Kingfisher */; };
		6E25C1A12B5938AE00FCC927 /* NaverAPIEndpoint.swift in Sources */ = {isa = PBXBuildFile; fileRef = 6E25C1A02B5938AE00FCC927 /* NaverAPIEndpoint.swift */; };
		6E25C1A32B593CC000FCC927 /* NaverAPIParameter.swift in Sources */ = {isa = PBXBuildFile; fileRef = 6E25C1A22B593CC000FCC927 /* NaverAPIParameter.swift */; };
		6E25C1A52B594BE500FCC927 /* Configurator+.swift in Sources */ = {isa = PBXBuildFile; fileRef = 6E25C1A42B594BE500FCC927 /* Configurator+.swift */; };
		6E25C1A82B59698F00FCC927 /* Constant.swift in Sources */ = {isa = PBXBuildFile; fileRef = 6E25C1A72B59698F00FCC927 /* Constant.swift */; };
		6E25C1AC2B596D7200FCC927 /* UserDefault.swift in Sources */ = {isa = PBXBuildFile; fileRef = 6E25C1AB2B596D7200FCC927 /* UserDefault.swift */; };
		6E25C1B02B59744700FCC927 /* JsonCoder.swift in Sources */ = {isa = PBXBuildFile; fileRef = 6E25C1AF2B59744700FCC927 /* JsonCoder.swift */; };
		6E25C1B32B59F5DB00FCC927 /* DesignSystemManager.swift in Sources */ = {isa = PBXBuildFile; fileRef = 6E25C1B22B59F5DB00FCC927 /* DesignSystemManager.swift */; };
		6E25C1BD2B59FC4900FCC927 /* RADesign.swift in Sources */ = {isa = PBXBuildFile; fileRef = 6E25C1BC2B59FC4900FCC927 /* RADesign.swift */; };
		6E25C1BF2B5A2C8200FCC927 /* User.swift in Sources */ = {isa = PBXBuildFile; fileRef = 6E25C1BE2B5A2C8200FCC927 /* User.swift */; };
		6E25C1C22B5A342000FCC927 /* BaseViewController.swift in Sources */ = {isa = PBXBuildFile; fileRef = 6E25C1C12B5A342000FCC927 /* BaseViewController.swift */; };
		6E25C1C42B5A36B100FCC927 /* BaseTableViewCell.swift in Sources */ = {isa = PBXBuildFile; fileRef = 6E25C1C32B5A36B100FCC927 /* BaseTableViewCell.swift */; };
		6E25C1C62B5A376C00FCC927 /* BaseCollectionViewCell.swift in Sources */ = {isa = PBXBuildFile; fileRef = 6E25C1C52B5A376C00FCC927 /* BaseCollectionViewCell.swift */; };
		6E25C1C92B5A3A0F00FCC927 /* BaseTableViewController.swift in Sources */ = {isa = PBXBuildFile; fileRef = 6E25C1C82B5A3A0F00FCC927 /* BaseTableViewController.swift */; };
		6E25C1CC2B5A3B5700FCC927 /* Configurable.swift in Sources */ = {isa = PBXBuildFile; fileRef = 6E25C1CB2B5A3B5700FCC927 /* Configurable.swift */; };
		6E25C1CE2B5A40D300FCC927 /* BaseCollectionViewController.swift in Sources */ = {isa = PBXBuildFile; fileRef = 6E25C1CD2B5A40D300FCC927 /* BaseCollectionViewController.swift */; };
		6E25C1D52B5A4DC000FCC927 /* Coordinator.swift in Sources */ = {isa = PBXBuildFile; fileRef = 6E25C1D42B5A4DC000FCC927 /* Coordinator.swift */; };
		6E25C1D72B5A52A400FCC927 /* CoordinatorError.swift in Sources */ = {isa = PBXBuildFile; fileRef = 6E25C1D62B5A52A400FCC927 /* CoordinatorError.swift */; };
		6E25C1D92B5A546400FCC927 /* String+.swift in Sources */ = {isa = PBXBuildFile; fileRef = 6E25C1D82B5A546400FCC927 /* String+.swift */; };
		6E25C1DB2B5A58D200FCC927 /* UIAlertController+.swift in Sources */ = {isa = PBXBuildFile; fileRef = 6E25C1DA2B5A58D200FCC927 /* UIAlertController+.swift */; };
		6E25C1DD2B5ABCE900FCC927 /* AppCoordinator.swift in Sources */ = {isa = PBXBuildFile; fileRef = 6E25C1DC2B5ABCE900FCC927 /* AppCoordinator.swift */; };
		6E25C1E22B5ABDD300FCC927 /* Onboarding.storyboard in Resources */ = {isa = PBXBuildFile; fileRef = 6E25C1E12B5ABDD300FCC927 /* Onboarding.storyboard */; };
		6E25C1E42B5ABF4E00FCC927 /* OnboardingViewController.swift in Sources */ = {isa = PBXBuildFile; fileRef = 6E25C1E32B5ABF4E00FCC927 /* OnboardingViewController.swift */; };
		6E25C1E62B5AC0A500FCC927 /* OnboardingViewModel.swift in Sources */ = {isa = PBXBuildFile; fileRef = 6E25C1E52B5AC0A500FCC927 /* OnboardingViewModel.swift */; };
		6E25C1E82B5AC0DD00FCC927 /* AuthCoordinator.swift in Sources */ = {isa = PBXBuildFile; fileRef = 6E25C1E72B5AC0DD00FCC927 /* AuthCoordinator.swift */; };
		6E25C1EA2B5AC11F00FCC927 /* ViewModel.swift in Sources */ = {isa = PBXBuildFile; fileRef = 6E25C1E92B5AC11F00FCC927 /* ViewModel.swift */; };
		6E25C1EC2B5AD0E800FCC927 /* ViewModelController.swift in Sources */ = {isa = PBXBuildFile; fileRef = 6E25C1EB2B5AD0E800FCC927 /* ViewModelController.swift */; };
		6E25C1EF2B5BEE5A00FCC927 /* ProfileSetting.storyboard in Resources */ = {isa = PBXBuildFile; fileRef = 6E25C1EE2B5BEE5A00FCC927 /* ProfileSetting.storyboard */; };
		6E25C1F12B5BEE7200FCC927 /* NicknameSettingViewController.swift in Sources */ = {isa = PBXBuildFile; fileRef = 6E25C1F02B5BEE7200FCC927 /* NicknameSettingViewController.swift */; };
		6E25C1F32B5BEE7A00FCC927 /* NicknameSettingViewModel.swift in Sources */ = {isa = PBXBuildFile; fileRef = 6E25C1F22B5BEE7A00FCC927 /* NicknameSettingViewModel.swift */; };
		6E25C1F52B5C053C00FCC927 /* UITextField+.swift in Sources */ = {isa = PBXBuildFile; fileRef = 6E25C1F42B5C053C00FCC927 /* UITextField+.swift */; };
		6E25C1F92B5C2A0200FCC927 /* ProfileImageSettingViewController.swift in Sources */ = {isa = PBXBuildFile; fileRef = 6E25C1F82B5C2A0200FCC927 /* ProfileImageSettingViewController.swift */; };
		6E25C1FB2B5C2A3300FCC927 /* ProfileImageSettingViewModel.swift in Sources */ = {isa = PBXBuildFile; fileRef = 6E25C1FA2B5C2A3300FCC927 /* ProfileImageSettingViewModel.swift */; };
		6E25C1FE2B5C2CE100FCC927 /* ProfileImageCollectionViewCell.swift in Sources */ = {isa = PBXBuildFile; fileRef = 6E25C1FC2B5C2CE100FCC927 /* ProfileImageCollectionViewCell.swift */; };
		6E25C1FF2B5C2CE100FCC927 /* ProfileImageCollectionViewCell.xib in Resources */ = {isa = PBXBuildFile; fileRef = 6E25C1FD2B5C2CE100FCC927 /* ProfileImageCollectionViewCell.xib */; };
		6E25C2022B5CA9B000FCC927 /* Profile.swift in Sources */ = {isa = PBXBuildFile; fileRef = 6E25C2012B5CA9B000FCC927 /* Profile.swift */; };
		6E25C2042B5CAA4800FCC927 /* MainTabBarCoordinator.swift in Sources */ = {isa = PBXBuildFile; fileRef = 6E25C2032B5CAA4800FCC927 /* MainTabBarCoordinator.swift */; };
		6E25C2062B5CAA8D00FCC927 /* MainTabBarPage.swift in Sources */ = {isa = PBXBuildFile; fileRef = 6E25C2052B5CAA8D00FCC927 /* MainTabBarPage.swift */; };
		6E25C2082B5CB67800FCC927 /* MainTabBarController.swift in Sources */ = {isa = PBXBuildFile; fileRef = 6E25C2072B5CB67800FCC927 /* MainTabBarController.swift */; };
		6E25C20D2B5D009200FCC927 /* SearchViewController.swift in Sources */ = {isa = PBXBuildFile; fileRef = 6E25C20C2B5D009200FCC927 /* SearchViewController.swift */; };
		6E25C20F2B5D009800FCC927 /* SearchViewModel.swift in Sources */ = {isa = PBXBuildFile; fileRef = 6E25C20E2B5D009800FCC927 /* SearchViewModel.swift */; };
		6E25C2112B5D00CD00FCC927 /* SearchCoordinator.swift in Sources */ = {isa = PBXBuildFile; fileRef = 6E25C2102B5D00CD00FCC927 /* SearchCoordinator.swift */; };
		6E25C2142B5D045200FCC927 /* SettingCoordinator.swift in Sources */ = {isa = PBXBuildFile; fileRef = 6E25C2132B5D045200FCC927 /* SettingCoordinator.swift */; };
		6E25C2162B5D049200FCC927 /* SettingViewModel.swift in Sources */ = {isa = PBXBuildFile; fileRef = 6E25C2152B5D049200FCC927 /* SettingViewModel.swift */; };
		6E25C2182B5D049900FCC927 /* SettingViewController.swift in Sources */ = {isa = PBXBuildFile; fileRef = 6E25C2172B5D049900FCC927 /* SettingViewController.swift */; };
		6E25C21A2B5D108200FCC927 /* BaseTabBarController.swift in Sources */ = {isa = PBXBuildFile; fileRef = 6E25C2192B5D108200FCC927 /* BaseTabBarController.swift */; };
/* End PBXBuildFile section */

/* Begin PBXFileReference section */
		6E03687B2B5D563B000C64D2 /* Search.storyboard */ = {isa = PBXFileReference; lastKnownFileType = file.storyboard; path = Search.storyboard; sourceTree = "<group>"; };
		6E0368862B5D6496000C64D2 /* SearchTableViewCell.swift */ = {isa = PBXFileReference; lastKnownFileType = sourcecode.swift; path = SearchTableViewCell.swift; sourceTree = "<group>"; };
		6E0368872B5D6496000C64D2 /* SearchTableViewCell.xib */ = {isa = PBXFileReference; lastKnownFileType = file.xib; path = SearchTableViewCell.xib; sourceTree = "<group>"; };
		6E03688B2B5D72A3000C64D2 /* SearchResultViewModel.swift */ = {isa = PBXFileReference; lastKnownFileType = sourcecode.swift; path = SearchResultViewModel.swift; sourceTree = "<group>"; };
		6E03688D2B5D7306000C64D2 /* SearchResultViewController.swift */ = {isa = PBXFileReference; lastKnownFileType = sourcecode.swift; path = SearchResultViewController.swift; sourceTree = "<group>"; };
		6E0368952B5DFC67000C64D2 /* Int+.swift */ = {isa = PBXFileReference; lastKnownFileType = sourcecode.swift; path = "Int+.swift"; sourceTree = "<group>"; };
		6E03689B2B5E014D000C64D2 /* ProductCollectionViewCell.swift */ = {isa = PBXFileReference; lastKnownFileType = sourcecode.swift; path = ProductCollectionViewCell.swift; sourceTree = "<group>"; };
		6E03689C2B5E014D000C64D2 /* ProductCollectionViewCell.xib */ = {isa = PBXFileReference; lastKnownFileType = file.xib; path = ProductCollectionViewCell.xib; sourceTree = "<group>"; };
		6E0368A02B5E20E0000C64D2 /* ProductDetailViewController.swift */ = {isa = PBXFileReference; lastKnownFileType = sourcecode.swift; path = ProductDetailViewController.swift; sourceTree = "<group>"; };
		6E25C1372B59005C00FCC927 /* SeSAC-Mission-RecapAssignment.app */ = {isa = PBXFileReference; explicitFileType = wrapper.application; includeInIndex = 0; path = "SeSAC-Mission-RecapAssignment.app"; sourceTree = BUILT_PRODUCTS_DIR; };
		6E25C13A2B59005C00FCC927 /* AppDelegate.swift */ = {isa = PBXFileReference; lastKnownFileType = sourcecode.swift; path = AppDelegate.swift; sourceTree = "<group>"; };
		6E25C13C2B59005C00FCC927 /* SceneDelegate.swift */ = {isa = PBXFileReference; lastKnownFileType = sourcecode.swift; path = SceneDelegate.swift; sourceTree = "<group>"; };
		6E25C1432B59005D00FCC927 /* Assets.xcassets */ = {isa = PBXFileReference; lastKnownFileType = folder.assetcatalog; path = Assets.xcassets; sourceTree = "<group>"; };
		6E25C1462B59005D00FCC927 /* Base */ = {isa = PBXFileReference; lastKnownFileType = file.storyboard; name = Base; path = Base.lproj/LaunchScreen.storyboard; sourceTree = "<group>"; };
		6E25C1482B59005D00FCC927 /* Info.plist */ = {isa = PBXFileReference; lastKnownFileType = text.plist.xml; path = Info.plist; sourceTree = "<group>"; };
		6E25C1592B5905B600FCC927 /* UITableView+.swift */ = {isa = PBXFileReference; fileEncoding = 4; lastKnownFileType = sourcecode.swift; path = "UITableView+.swift"; sourceTree = "<group>"; };
		6E25C15B2B5905B600FCC927 /* Array+.swift */ = {isa = PBXFileReference; fileEncoding = 4; lastKnownFileType = sourcecode.swift; path = "Array+.swift"; sourceTree = "<group>"; };
		6E25C15F2B5905B600FCC927 /* UIImage+.swift */ = {isa = PBXFileReference; fileEncoding = 4; lastKnownFileType = sourcecode.swift; path = "UIImage+.swift"; sourceTree = "<group>"; };
		6E25C1602B5905B600FCC927 /* UIImageView+.swift */ = {isa = PBXFileReference; fileEncoding = 4; lastKnownFileType = sourcecode.swift; path = "UIImageView+.swift"; sourceTree = "<group>"; };
		6E25C1612B5905B600FCC927 /* UIView+.swift */ = {isa = PBXFileReference; fileEncoding = 4; lastKnownFileType = sourcecode.swift; path = "UIView+.swift"; sourceTree = "<group>"; };
		6E25C1622B5905B600FCC927 /* Navigatable+.swift */ = {isa = PBXFileReference; fileEncoding = 4; lastKnownFileType = sourcecode.swift; path = "Navigatable+.swift"; sourceTree = "<group>"; };
		6E25C1702B59255800FCC927 /* RAModel.swift */ = {isa = PBXFileReference; lastKnownFileType = sourcecode.swift; path = RAModel.swift; sourceTree = "<group>"; };
		6E25C1722B59258800FCC927 /* RAError.swift */ = {isa = PBXFileReference; lastKnownFileType = sourcecode.swift; path = RAError.swift; sourceTree = "<group>"; };
		6E25C1752B59290800FCC927 /* ProductDTO.swift */ = {isa = PBXFileReference; lastKnownFileType = sourcecode.swift; path = ProductDTO.swift; sourceTree = "<group>"; };
		6E25C17B2B592B3200FCC927 /* Navigatable.swift */ = {isa = PBXFileReference; fileEncoding = 4; lastKnownFileType = sourcecode.swift; path = Navigatable.swift; sourceTree = "<group>"; };
		6E25C1802B592D9800FCC927 /* Product.swift */ = {isa = PBXFileReference; lastKnownFileType = sourcecode.swift; path = Product.swift; sourceTree = "<group>"; };
		6E25C1822B592DB700FCC927 /* RADTO.swift */ = {isa = PBXFileReference; lastKnownFileType = sourcecode.swift; path = RADTO.swift; sourceTree = "<group>"; };
		6E25C1862B592FC400FCC927 /* APIKey.swift */ = {isa = PBXFileReference; lastKnownFileType = sourcecode.swift; path = APIKey.swift; sourceTree = "<group>"; };
		6E25C1892B59314600FCC927 /* APIError.swift */ = {isa = PBXFileReference; fileEncoding = 4; lastKnownFileType = sourcecode.swift; path = APIError.swift; sourceTree = "<group>"; };
		6E25C18A2B59314600FCC927 /* HTTPClient.swift */ = {isa = PBXFileReference; fileEncoding = 4; lastKnownFileType = sourcecode.swift; path = HTTPClient.swift; sourceTree = "<group>"; };
		6E25C18C2B59314600FCC927 /* Scheme.swift */ = {isa = PBXFileReference; fileEncoding = 4; lastKnownFileType = sourcecode.swift; path = Scheme.swift; sourceTree = "<group>"; };
		6E25C18E2B59314600FCC927 /* Endpoint.swift */ = {isa = PBXFileReference; fileEncoding = 4; lastKnownFileType = sourcecode.swift; path = Endpoint.swift; sourceTree = "<group>"; };
		6E25C18F2B59314600FCC927 /* APIRequest.swift */ = {isa = PBXFileReference; fileEncoding = 4; lastKnownFileType = sourcecode.swift; path = APIRequest.swift; sourceTree = "<group>"; };
		6E25C1902B59314600FCC927 /* Host.swift */ = {isa = PBXFileReference; fileEncoding = 4; lastKnownFileType = sourcecode.swift; path = Host.swift; sourceTree = "<group>"; };
		6E25C1A02B5938AE00FCC927 /* NaverAPIEndpoint.swift */ = {isa = PBXFileReference; lastKnownFileType = sourcecode.swift; path = NaverAPIEndpoint.swift; sourceTree = "<group>"; };
		6E25C1A22B593CC000FCC927 /* NaverAPIParameter.swift */ = {isa = PBXFileReference; lastKnownFileType = sourcecode.swift; path = NaverAPIParameter.swift; sourceTree = "<group>"; };
		6E25C1A42B594BE500FCC927 /* Configurator+.swift */ = {isa = PBXFileReference; lastKnownFileType = sourcecode.swift; path = "Configurator+.swift"; sourceTree = "<group>"; };
		6E25C1A72B59698F00FCC927 /* Constant.swift */ = {isa = PBXFileReference; lastKnownFileType = sourcecode.swift; path = Constant.swift; sourceTree = "<group>"; };
		6E25C1AB2B596D7200FCC927 /* UserDefault.swift */ = {isa = PBXFileReference; lastKnownFileType = sourcecode.swift; path = UserDefault.swift; sourceTree = "<group>"; };
		6E25C1AF2B59744700FCC927 /* JsonCoder.swift */ = {isa = PBXFileReference; lastKnownFileType = sourcecode.swift; path = JsonCoder.swift; sourceTree = "<group>"; };
		6E25C1B22B59F5DB00FCC927 /* DesignSystemManager.swift */ = {isa = PBXFileReference; lastKnownFileType = sourcecode.swift; path = DesignSystemManager.swift; sourceTree = "<group>"; };
		6E25C1BC2B59FC4900FCC927 /* RADesign.swift */ = {isa = PBXFileReference; lastKnownFileType = sourcecode.swift; path = RADesign.swift; sourceTree = "<group>"; };
		6E25C1BE2B5A2C8200FCC927 /* User.swift */ = {isa = PBXFileReference; lastKnownFileType = sourcecode.swift; path = User.swift; sourceTree = "<group>"; };
		6E25C1C12B5A342000FCC927 /* BaseViewController.swift */ = {isa = PBXFileReference; lastKnownFileType = sourcecode.swift; path = BaseViewController.swift; sourceTree = "<group>"; };
		6E25C1C32B5A36B100FCC927 /* BaseTableViewCell.swift */ = {isa = PBXFileReference; lastKnownFileType = sourcecode.swift; path = BaseTableViewCell.swift; sourceTree = "<group>"; };
		6E25C1C52B5A376C00FCC927 /* BaseCollectionViewCell.swift */ = {isa = PBXFileReference; lastKnownFileType = sourcecode.swift; path = BaseCollectionViewCell.swift; sourceTree = "<group>"; };
		6E25C1C82B5A3A0F00FCC927 /* BaseTableViewController.swift */ = {isa = PBXFileReference; lastKnownFileType = sourcecode.swift; path = BaseTableViewController.swift; sourceTree = "<group>"; };
		6E25C1CB2B5A3B5700FCC927 /* Configurable.swift */ = {isa = PBXFileReference; lastKnownFileType = sourcecode.swift; path = Configurable.swift; sourceTree = "<group>"; };
		6E25C1CD2B5A40D300FCC927 /* BaseCollectionViewController.swift */ = {isa = PBXFileReference; lastKnownFileType = sourcecode.swift; path = BaseCollectionViewController.swift; sourceTree = "<group>"; };
		6E25C1D42B5A4DC000FCC927 /* Coordinator.swift */ = {isa = PBXFileReference; lastKnownFileType = sourcecode.swift; name = Coordinator.swift; path = "SeSAC-Mission-RecapAssignment/Presenter/Common/Base/Coordinator.swift"; sourceTree = SOURCE_ROOT; };
		6E25C1D62B5A52A400FCC927 /* CoordinatorError.swift */ = {isa = PBXFileReference; lastKnownFileType = sourcecode.swift; path = CoordinatorError.swift; sourceTree = "<group>"; };
		6E25C1D82B5A546400FCC927 /* String+.swift */ = {isa = PBXFileReference; lastKnownFileType = sourcecode.swift; path = "String+.swift"; sourceTree = "<group>"; };
		6E25C1DA2B5A58D200FCC927 /* UIAlertController+.swift */ = {isa = PBXFileReference; lastKnownFileType = sourcecode.swift; path = "UIAlertController+.swift"; sourceTree = "<group>"; };
		6E25C1DC2B5ABCE900FCC927 /* AppCoordinator.swift */ = {isa = PBXFileReference; lastKnownFileType = sourcecode.swift; path = AppCoordinator.swift; sourceTree = "<group>"; };
		6E25C1E12B5ABDD300FCC927 /* Onboarding.storyboard */ = {isa = PBXFileReference; lastKnownFileType = file.storyboard; path = Onboarding.storyboard; sourceTree = "<group>"; };
		6E25C1E32B5ABF4E00FCC927 /* OnboardingViewController.swift */ = {isa = PBXFileReference; lastKnownFileType = sourcecode.swift; path = OnboardingViewController.swift; sourceTree = "<group>"; };
		6E25C1E52B5AC0A500FCC927 /* OnboardingViewModel.swift */ = {isa = PBXFileReference; lastKnownFileType = sourcecode.swift; path = OnboardingViewModel.swift; sourceTree = "<group>"; };
		6E25C1E72B5AC0DD00FCC927 /* AuthCoordinator.swift */ = {isa = PBXFileReference; lastKnownFileType = sourcecode.swift; path = AuthCoordinator.swift; sourceTree = "<group>"; };
		6E25C1E92B5AC11F00FCC927 /* ViewModel.swift */ = {isa = PBXFileReference; lastKnownFileType = sourcecode.swift; path = ViewModel.swift; sourceTree = "<group>"; };
		6E25C1EB2B5AD0E800FCC927 /* ViewModelController.swift */ = {isa = PBXFileReference; lastKnownFileType = sourcecode.swift; path = ViewModelController.swift; sourceTree = "<group>"; };
		6E25C1EE2B5BEE5A00FCC927 /* ProfileSetting.storyboard */ = {isa = PBXFileReference; lastKnownFileType = file.storyboard; path = ProfileSetting.storyboard; sourceTree = "<group>"; };
		6E25C1F02B5BEE7200FCC927 /* NicknameSettingViewController.swift */ = {isa = PBXFileReference; lastKnownFileType = sourcecode.swift; path = NicknameSettingViewController.swift; sourceTree = "<group>"; };
		6E25C1F22B5BEE7A00FCC927 /* NicknameSettingViewModel.swift */ = {isa = PBXFileReference; lastKnownFileType = sourcecode.swift; path = NicknameSettingViewModel.swift; sourceTree = "<group>"; };
		6E25C1F42B5C053C00FCC927 /* UITextField+.swift */ = {isa = PBXFileReference; lastKnownFileType = sourcecode.swift; path = "UITextField+.swift"; sourceTree = "<group>"; };
		6E25C1F82B5C2A0200FCC927 /* ProfileImageSettingViewController.swift */ = {isa = PBXFileReference; lastKnownFileType = sourcecode.swift; path = ProfileImageSettingViewController.swift; sourceTree = "<group>"; };
		6E25C1FA2B5C2A3300FCC927 /* ProfileImageSettingViewModel.swift */ = {isa = PBXFileReference; lastKnownFileType = sourcecode.swift; path = ProfileImageSettingViewModel.swift; sourceTree = "<group>"; };
		6E25C1FC2B5C2CE100FCC927 /* ProfileImageCollectionViewCell.swift */ = {isa = PBXFileReference; lastKnownFileType = sourcecode.swift; path = ProfileImageCollectionViewCell.swift; sourceTree = "<group>"; };
		6E25C1FD2B5C2CE100FCC927 /* ProfileImageCollectionViewCell.xib */ = {isa = PBXFileReference; lastKnownFileType = file.xib; path = ProfileImageCollectionViewCell.xib; sourceTree = "<group>"; };
		6E25C2012B5CA9B000FCC927 /* Profile.swift */ = {isa = PBXFileReference; lastKnownFileType = sourcecode.swift; path = Profile.swift; sourceTree = "<group>"; };
		6E25C2032B5CAA4800FCC927 /* MainTabBarCoordinator.swift */ = {isa = PBXFileReference; lastKnownFileType = sourcecode.swift; path = MainTabBarCoordinator.swift; sourceTree = "<group>"; };
		6E25C2052B5CAA8D00FCC927 /* MainTabBarPage.swift */ = {isa = PBXFileReference; lastKnownFileType = sourcecode.swift; path = MainTabBarPage.swift; sourceTree = "<group>"; };
		6E25C2072B5CB67800FCC927 /* MainTabBarController.swift */ = {isa = PBXFileReference; lastKnownFileType = sourcecode.swift; path = MainTabBarController.swift; sourceTree = "<group>"; };
		6E25C20C2B5D009200FCC927 /* SearchViewController.swift */ = {isa = PBXFileReference; lastKnownFileType = sourcecode.swift; path = SearchViewController.swift; sourceTree = "<group>"; };
		6E25C20E2B5D009800FCC927 /* SearchViewModel.swift */ = {isa = PBXFileReference; lastKnownFileType = sourcecode.swift; path = SearchViewModel.swift; sourceTree = "<group>"; };
		6E25C2102B5D00CD00FCC927 /* SearchCoordinator.swift */ = {isa = PBXFileReference; lastKnownFileType = sourcecode.swift; path = SearchCoordinator.swift; sourceTree = "<group>"; };
		6E25C2132B5D045200FCC927 /* SettingCoordinator.swift */ = {isa = PBXFileReference; lastKnownFileType = sourcecode.swift; path = SettingCoordinator.swift; sourceTree = "<group>"; };
		6E25C2152B5D049200FCC927 /* SettingViewModel.swift */ = {isa = PBXFileReference; lastKnownFileType = sourcecode.swift; path = SettingViewModel.swift; sourceTree = "<group>"; };
		6E25C2172B5D049900FCC927 /* SettingViewController.swift */ = {isa = PBXFileReference; lastKnownFileType = sourcecode.swift; path = SettingViewController.swift; sourceTree = "<group>"; };
		6E25C2192B5D108200FCC927 /* BaseTabBarController.swift */ = {isa = PBXFileReference; lastKnownFileType = sourcecode.swift; path = BaseTabBarController.swift; sourceTree = "<group>"; };
/* End PBXFileReference section */

/* Begin PBXFrameworksBuildPhase section */
		6E25C1342B59005C00FCC927 /* Frameworks */ = {
			isa = PBXFrameworksBuildPhase;
			buildActionMask = 2147483647;
			files = (
				6E25C19C2B5931DC00FCC927 /* Kingfisher in Frameworks */,
				6E25C1992B5931B900FCC927 /* Alamofire in Frameworks */,
			);
			runOnlyForDeploymentPostprocessing = 0;
		};
/* End PBXFrameworksBuildPhase section */

/* Begin PBXGroup section */
		6E0368852B5D6476000C64D2 /* SearchProduct */ = {
			isa = PBXGroup;
			children = (
				6E25C20C2B5D009200FCC927 /* SearchViewController.swift */,
				6E25C20E2B5D009800FCC927 /* SearchViewModel.swift */,
				6E0368862B5D6496000C64D2 /* SearchTableViewCell.swift */,
				6E0368872B5D6496000C64D2 /* SearchTableViewCell.xib */,
			);
			path = SearchProduct;
			sourceTree = "<group>";
		};
		6E03688A2B5D7288000C64D2 /* SearchResult */ = {
			isa = PBXGroup;
			children = (
				6E03688D2B5D7306000C64D2 /* SearchResultViewController.swift */,
				6E03688B2B5D72A3000C64D2 /* SearchResultViewModel.swift */,
				6E03689B2B5E014D000C64D2 /* ProductCollectionViewCell.swift */,
				6E03689C2B5E014D000C64D2 /* ProductCollectionViewCell.xib */,
			);
			path = SearchResult;
			sourceTree = "<group>";
		};
		6E03689F2B5E1FE4000C64D2 /* SearchDetail */ = {
			isa = PBXGroup;
			children = (
				6E0368A02B5E20E0000C64D2 /* ProductDetailViewController.swift */,
			);
			path = SearchDetail;
			sourceTree = "<group>";
		};
		6E25C12E2B59005C00FCC927 = {
			isa = PBXGroup;
			children = (
				6E25C1392B59005C00FCC927 /* SeSAC-Mission-RecapAssignment */,
				6E25C1382B59005C00FCC927 /* Products */,
			);
			sourceTree = "<group>";
		};
		6E25C1382B59005C00FCC927 /* Products */ = {
			isa = PBXGroup;
			children = (
				6E25C1372B59005C00FCC927 /* SeSAC-Mission-RecapAssignment.app */,
			);
			name = Products;
			sourceTree = "<group>";
		};
		6E25C1392B59005C00FCC927 /* SeSAC-Mission-RecapAssignment */ = {
			isa = PBXGroup;
			children = (
				6E25C14E2B59009D00FCC927 /* App */,
				6E25C14F2B59009F00FCC927 /* Config */,
				6E25C1502B5900A100FCC927 /* Data */,
				6E25C1512B5900D900FCC927 /* Presenter */,
				6E25C16F2B5905F800FCC927 /* Resource */,
				6E25C1572B59036200FCC927 /* Utility */,
			);
			path = "SeSAC-Mission-RecapAssignment";
			sourceTree = "<group>";
		};
		6E25C14E2B59009D00FCC927 /* App */ = {
			isa = PBXGroup;
			children = (
				6E25C13A2B59005C00FCC927 /* AppDelegate.swift */,
				6E25C13C2B59005C00FCC927 /* SceneDelegate.swift */,
				6E25C1722B59258800FCC927 /* RAError.swift */,
				6E25C1DC2B5ABCE900FCC927 /* AppCoordinator.swift */,
			);
			path = App;
			sourceTree = "<group>";
		};
		6E25C14F2B59009F00FCC927 /* Config */ = {
			isa = PBXGroup;
			children = (
				6E25C1482B59005D00FCC927 /* Info.plist */,
				6E25C1862B592FC400FCC927 /* APIKey.swift */,
			);
			path = Config;
			sourceTree = "<group>";
		};
		6E25C1502B5900A100FCC927 /* Data */ = {
			isa = PBXGroup;
			children = (
				6E25C1742B5928F800FCC927 /* DTO */,
				6E25C1542B59031C00FCC927 /* Model */,
				6E25C1532B59031800FCC927 /* Protocol */,
				6E25C1522B5900E500FCC927 /* Service */,
			);
			path = Data;
			sourceTree = "<group>";
		};
		6E25C1512B5900D900FCC927 /* Presenter */ = {
			isa = PBXGroup;
			children = (
				6E25C1452B59005D00FCC927 /* LaunchScreen.storyboard */,
				6E25C1D12B5A4ACC00FCC927 /* Common */,
				6E25C1CF2B5A49F700FCC927 /* Auth */,
				6E25C1D02B5A4A1500FCC927 /* MainTabBar */,
			);
			path = Presenter;
			sourceTree = "<group>";
		};
		6E25C1522B5900E500FCC927 /* Service */ = {
			isa = PBXGroup;
			children = (
				6E25C1562B59034A00FCC927 /* Network */,
				6E25C1552B59034800FCC927 /* Local */,
			);
			path = Service;
			sourceTree = "<group>";
		};
		6E25C1532B59031800FCC927 /* Protocol */ = {
			isa = PBXGroup;
			children = (
				6E25C1822B592DB700FCC927 /* RADTO.swift */,
				6E25C1702B59255800FCC927 /* RAModel.swift */,
			);
			path = Protocol;
			sourceTree = "<group>";
		};
		6E25C1542B59031C00FCC927 /* Model */ = {
			isa = PBXGroup;
			children = (
				6E25C1802B592D9800FCC927 /* Product.swift */,
				6E25C1BE2B5A2C8200FCC927 /* User.swift */,
				6E25C2012B5CA9B000FCC927 /* Profile.swift */,
			);
			path = Model;
			sourceTree = "<group>";
		};
		6E25C1552B59034800FCC927 /* Local */ = {
			isa = PBXGroup;
			children = (
				6E25C1C72B5A39E900FCC927 /* UserDefault */,
			);
			path = Local;
			sourceTree = "<group>";
		};
		6E25C1562B59034A00FCC927 /* Network */ = {
			isa = PBXGroup;
			children = (
				6E25C1882B59314600FCC927 /* HTTP */,
			);
			path = Network;
			sourceTree = "<group>";
		};
		6E25C1572B59036200FCC927 /* Utility */ = {
			isa = PBXGroup;
			children = (
				6E25C1AE2B59743D00FCC927 /* Manager */,
				6E25C1A62B59698200FCC927 /* Constant */,
				6E25C1582B59055400FCC927 /* Extension */,
			);
			path = Utility;
			sourceTree = "<group>";
		};
		6E25C1582B59055400FCC927 /* Extension */ = {
			isa = PBXGroup;
			children = (
				6E25C15B2B5905B600FCC927 /* Array+.swift */,
				6E25C1A42B594BE500FCC927 /* Configurator+.swift */,
				6E25C1D82B5A546400FCC927 /* String+.swift */,
				6E0368952B5DFC67000C64D2 /* Int+.swift */,
			);
			path = Extension;
			sourceTree = "<group>";
		};
		6E25C16F2B5905F800FCC927 /* Resource */ = {
			isa = PBXGroup;
			children = (
				6E25C1432B59005D00FCC927 /* Assets.xcassets */,
			);
			path = Resource;
			sourceTree = "<group>";
		};
		6E25C1742B5928F800FCC927 /* DTO */ = {
			isa = PBXGroup;
			children = (
				6E25C1752B59290800FCC927 /* ProductDTO.swift */,
			);
			path = DTO;
			sourceTree = "<group>";
		};
		6E25C1882B59314600FCC927 /* HTTP */ = {
			isa = PBXGroup;
			children = (
				6E25C19E2B59385400FCC927 /* Common */,
				6E25C19F2B59387B00FCC927 /* Implementation */,
			);
			path = HTTP;
			sourceTree = "<group>";
		};
		6E25C19E2B59385400FCC927 /* Common */ = {
			isa = PBXGroup;
			children = (
				6E25C1892B59314600FCC927 /* APIError.swift */,
				6E25C18F2B59314600FCC927 /* APIRequest.swift */,
				6E25C18C2B59314600FCC927 /* Scheme.swift */,
				6E25C1902B59314600FCC927 /* Host.swift */,
				6E25C18E2B59314600FCC927 /* Endpoint.swift */,
			);
			path = Common;
			sourceTree = "<group>";
		};
		6E25C19F2B59387B00FCC927 /* Implementation */ = {
			isa = PBXGroup;
			children = (
				6E25C18A2B59314600FCC927 /* HTTPClient.swift */,
				6E25C1A02B5938AE00FCC927 /* NaverAPIEndpoint.swift */,
				6E25C1A22B593CC000FCC927 /* NaverAPIParameter.swift */,
			);
			path = Implementation;
			sourceTree = "<group>";
		};
		6E25C1A62B59698200FCC927 /* Constant */ = {
			isa = PBXGroup;
			children = (
				6E25C1A72B59698F00FCC927 /* Constant.swift */,
				6E25C1BC2B59FC4900FCC927 /* RADesign.swift */,
			);
			path = Constant;
			sourceTree = "<group>";
		};
		6E25C1AE2B59743D00FCC927 /* Manager */ = {
			isa = PBXGroup;
			children = (
				6E25C1AF2B59744700FCC927 /* JsonCoder.swift */,
				6E25C1B22B59F5DB00FCC927 /* DesignSystemManager.swift */,
			);
			path = Manager;
			sourceTree = "<group>";
		};
		6E25C1C02B5A341700FCC927 /* Base */ = {
			isa = PBXGroup;
			children = (
				6E25C1C12B5A342000FCC927 /* BaseViewController.swift */,
				6E25C1C82B5A3A0F00FCC927 /* BaseTableViewController.swift */,
				6E25C1CD2B5A40D300FCC927 /* BaseCollectionViewController.swift */,
				6E25C2192B5D108200FCC927 /* BaseTabBarController.swift */,
				6E25C1C32B5A36B100FCC927 /* BaseTableViewCell.swift */,
				6E25C1C52B5A376C00FCC927 /* BaseCollectionViewCell.swift */,
			);
			path = Base;
			sourceTree = "<group>";
		};
		6E25C1C72B5A39E900FCC927 /* UserDefault */ = {
			isa = PBXGroup;
			children = (
				6E25C1AB2B596D7200FCC927 /* UserDefault.swift */,
			);
			path = UserDefault;
			sourceTree = "<group>";
		};
		6E25C1CA2B5A3B4A00FCC927 /* Protocol */ = {
			isa = PBXGroup;
			children = (
				6E25C1CB2B5A3B5700FCC927 /* Configurable.swift */,
				6E25C17B2B592B3200FCC927 /* Navigatable.swift */,
				6E25C1E92B5AC11F00FCC927 /* ViewModel.swift */,
				6E25C1EB2B5AD0E800FCC927 /* ViewModelController.swift */,
			);
			path = Protocol;
			sourceTree = "<group>";
		};
		6E25C1CF2B5A49F700FCC927 /* Auth */ = {
			isa = PBXGroup;
			children = (
				6E25C1DE2B5ABD6200FCC927 /* Coordinator */,
				6E25C1DF2B5ABD6700FCC927 /* Onboarding */,
				6E25C1ED2B5BEDC300FCC927 /* Profile */,
			);
			path = Auth;
			sourceTree = "<group>";
		};
		6E25C1D02B5A4A1500FCC927 /* MainTabBar */ = {
			isa = PBXGroup;
			children = (
				6E25C2072B5CB67800FCC927 /* MainTabBarController.swift */,
				6E25C2002B5CA95A00FCC927 /* Coordinator */,
				6E25C2092B5D003A00FCC927 /* Search */,
				6E25C20A2B5D003D00FCC927 /* Setting */,
			);
			path = MainTabBar;
			sourceTree = "<group>";
		};
		6E25C1D12B5A4ACC00FCC927 /* Common */ = {
			isa = PBXGroup;
			children = (
				6E25C1C02B5A341700FCC927 /* Base */,
				6E25C1D22B5A4AF200FCC927 /* Coordinator */,
				6E25C1D32B5A4AF700FCC927 /* Extension */,
				6E25C1CA2B5A3B4A00FCC927 /* Protocol */,
			);
			path = Common;
			sourceTree = "<group>";
		};
		6E25C1D22B5A4AF200FCC927 /* Coordinator */ = {
			isa = PBXGroup;
			children = (
				6E25C1D42B5A4DC000FCC927 /* Coordinator.swift */,
				6E25C1D62B5A52A400FCC927 /* CoordinatorError.swift */,
			);
			path = Coordinator;
			sourceTree = "<group>";
		};
		6E25C1D32B5A4AF700FCC927 /* Extension */ = {
			isa = PBXGroup;
			children = (
				6E25C1622B5905B600FCC927 /* Navigatable+.swift */,
				6E25C15F2B5905B600FCC927 /* UIImage+.swift */,
				6E25C1602B5905B600FCC927 /* UIImageView+.swift */,
				6E25C1592B5905B600FCC927 /* UITableView+.swift */,
				6E25C1612B5905B600FCC927 /* UIView+.swift */,
				6E25C1DA2B5A58D200FCC927 /* UIAlertController+.swift */,
				6E25C1F42B5C053C00FCC927 /* UITextField+.swift */,
			);
			path = Extension;
			sourceTree = "<group>";
		};
		6E25C1DE2B5ABD6200FCC927 /* Coordinator */ = {
			isa = PBXGroup;
			children = (
				6E25C1E72B5AC0DD00FCC927 /* AuthCoordinator.swift */,
			);
			path = Coordinator;
			sourceTree = "<group>";
		};
		6E25C1DF2B5ABD6700FCC927 /* Onboarding */ = {
			isa = PBXGroup;
			children = (
				6E25C1E12B5ABDD300FCC927 /* Onboarding.storyboard */,
				6E25C1E32B5ABF4E00FCC927 /* OnboardingViewController.swift */,
				6E25C1E52B5AC0A500FCC927 /* OnboardingViewModel.swift */,
			);
			path = Onboarding;
			sourceTree = "<group>";
		};
		6E25C1ED2B5BEDC300FCC927 /* Profile */ = {
			isa = PBXGroup;
			children = (
				6E25C1EE2B5BEE5A00FCC927 /* ProfileSetting.storyboard */,
				6E25C1F62B5C27DB00FCC927 /* Nickname */,
				6E25C1F72B5C27DF00FCC927 /* ProfileImage */,
			);
			name = Profile;
			path = Onboarding/Profile;
			sourceTree = "<group>";
		};
		6E25C1F62B5C27DB00FCC927 /* Nickname */ = {
			isa = PBXGroup;
			children = (
				6E25C1F02B5BEE7200FCC927 /* NicknameSettingViewController.swift */,
				6E25C1F22B5BEE7A00FCC927 /* NicknameSettingViewModel.swift */,
			);
			path = Nickname;
			sourceTree = "<group>";
		};
		6E25C1F72B5C27DF00FCC927 /* ProfileImage */ = {
			isa = PBXGroup;
			children = (
				6E25C1F82B5C2A0200FCC927 /* ProfileImageSettingViewController.swift */,
				6E25C1FA2B5C2A3300FCC927 /* ProfileImageSettingViewModel.swift */,
				6E25C1FC2B5C2CE100FCC927 /* ProfileImageCollectionViewCell.swift */,
				6E25C1FD2B5C2CE100FCC927 /* ProfileImageCollectionViewCell.xib */,
			);
			path = ProfileImage;
			sourceTree = "<group>";
		};
		6E25C2002B5CA95A00FCC927 /* Coordinator */ = {
			isa = PBXGroup;
			children = (
				6E25C2032B5CAA4800FCC927 /* MainTabBarCoordinator.swift */,
				6E25C2052B5CAA8D00FCC927 /* MainTabBarPage.swift */,
			);
			path = Coordinator;
			sourceTree = "<group>";
		};
		6E25C2092B5D003A00FCC927 /* Search */ = {
			isa = PBXGroup;
			children = (
				6E03687B2B5D563B000C64D2 /* Search.storyboard */,
				6E25C20B2B5D008500FCC927 /* Coordinator */,
				6E0368852B5D6476000C64D2 /* SearchProduct */,
				6E03688A2B5D7288000C64D2 /* SearchResult */,
				6E03689F2B5E1FE4000C64D2 /* SearchDetail */,
			);
			path = Search;
			sourceTree = "<group>";
		};
		6E25C20A2B5D003D00FCC927 /* Setting */ = {
			isa = PBXGroup;
			children = (
				6E25C2122B5D044600FCC927 /* Coordinator */,
				6E25C2172B5D049900FCC927 /* SettingViewController.swift */,
				6E25C2152B5D049200FCC927 /* SettingViewModel.swift */,
			);
			path = Setting;
			sourceTree = "<group>";
		};
		6E25C20B2B5D008500FCC927 /* Coordinator */ = {
			isa = PBXGroup;
			children = (
				6E25C2102B5D00CD00FCC927 /* SearchCoordinator.swift */,
			);
			path = Coordinator;
			sourceTree = "<group>";
		};
		6E25C2122B5D044600FCC927 /* Coordinator */ = {
			isa = PBXGroup;
			children = (
				6E25C2132B5D045200FCC927 /* SettingCoordinator.swift */,
			);
			path = Coordinator;
			sourceTree = "<group>";
		};
/* End PBXGroup section */

/* Begin PBXNativeTarget section */
		6E25C1362B59005C00FCC927 /* SeSAC-Mission-RecapAssignment */ = {
			isa = PBXNativeTarget;
			buildConfigurationList = 6E25C14B2B59005D00FCC927 /* Build configuration list for PBXNativeTarget "SeSAC-Mission-RecapAssignment" */;
			buildPhases = (
				6E25C1332B59005C00FCC927 /* Sources */,
				6E25C1342B59005C00FCC927 /* Frameworks */,
				6E25C1352B59005C00FCC927 /* Resources */,
			);
			buildRules = (
			);
			dependencies = (
			);
			name = "SeSAC-Mission-RecapAssignment";
			packageProductDependencies = (
				6E25C1982B5931B900FCC927 /* Alamofire */,
				6E25C19B2B5931DC00FCC927 /* Kingfisher */,
			);
			productName = "SeSAC-Mission-RecapAssignment";
			productReference = 6E25C1372B59005C00FCC927 /* SeSAC-Mission-RecapAssignment.app */;
			productType = "com.apple.product-type.application";
		};
/* End PBXNativeTarget section */

/* Begin PBXProject section */
		6E25C12F2B59005C00FCC927 /* Project object */ = {
			isa = PBXProject;
			attributes = {
				BuildIndependentTargetsInParallel = 1;
				LastSwiftUpdateCheck = 1520;
				LastUpgradeCheck = 1520;
				TargetAttributes = {
					6E25C1362B59005C00FCC927 = {
						CreatedOnToolsVersion = 15.2;
					};
				};
			};
			buildConfigurationList = 6E25C1322B59005C00FCC927 /* Build configuration list for PBXProject "SeSAC-Mission-RecapAssignment" */;
			compatibilityVersion = "Xcode 14.0";
			developmentRegion = en;
			hasScannedForEncodings = 0;
			knownRegions = (
				en,
				Base,
			);
			mainGroup = 6E25C12E2B59005C00FCC927;
			packageReferences = (
				6E25C1972B5931B900FCC927 /* XCRemoteSwiftPackageReference "Alamofire" */,
				6E25C19A2B5931DC00FCC927 /* XCRemoteSwiftPackageReference "Kingfisher" */,
			);
			productRefGroup = 6E25C1382B59005C00FCC927 /* Products */;
			projectDirPath = "";
			projectRoot = "";
			targets = (
				6E25C1362B59005C00FCC927 /* SeSAC-Mission-RecapAssignment */,
			);
		};
/* End PBXProject section */

/* Begin PBXResourcesBuildPhase section */
		6E25C1352B59005C00FCC927 /* Resources */ = {
			isa = PBXResourcesBuildPhase;
			buildActionMask = 2147483647;
			files = (
				6E25C1EF2B5BEE5A00FCC927 /* ProfileSetting.storyboard in Resources */,
				6E25C1472B59005D00FCC927 /* LaunchScreen.storyboard in Resources */,
				6E25C1442B59005D00FCC927 /* Assets.xcassets in Resources */,
				6E25C1FF2B5C2CE100FCC927 /* ProfileImageCollectionViewCell.xib in Resources */,
				6E0368892B5D6496000C64D2 /* SearchTableViewCell.xib in Resources */,
				6E03687C2B5D563B000C64D2 /* Search.storyboard in Resources */,
				6E03689E2B5E014D000C64D2 /* ProductCollectionViewCell.xib in Resources */,
				6E25C1E22B5ABDD300FCC927 /* Onboarding.storyboard in Resources */,
			);
			runOnlyForDeploymentPostprocessing = 0;
		};
/* End PBXResourcesBuildPhase section */

/* Begin PBXSourcesBuildPhase section */
		6E25C1332B59005C00FCC927 /* Sources */ = {
			isa = PBXSourcesBuildPhase;
			buildActionMask = 2147483647;
			files = (
				6E25C1712B59255800FCC927 /* RAModel.swift in Sources */,
				6E25C1A82B59698F00FCC927 /* Constant.swift in Sources */,
				6E25C1D92B5A546400FCC927 /* String+.swift in Sources */,
				6E25C1BD2B59FC4900FCC927 /* RADesign.swift in Sources */,
				6E25C1A52B594BE500FCC927 /* Configurator+.swift in Sources */,
				6E25C1C62B5A376C00FCC927 /* BaseCollectionViewCell.swift in Sources */,
				6E25C1DD2B5ABCE900FCC927 /* AppCoordinator.swift in Sources */,
				6E25C16C2B5905B600FCC927 /* UIView+.swift in Sources */,
				6E03688C2B5D72A3000C64D2 /* SearchResultViewModel.swift in Sources */,
				6E25C1DB2B5A58D200FCC927 /* UIAlertController+.swift in Sources */,
				6E25C1D52B5A4DC000FCC927 /* Coordinator.swift in Sources */,
				6E25C2082B5CB67800FCC927 /* MainTabBarController.swift in Sources */,
				6E25C1952B59314600FCC927 /* APIRequest.swift in Sources */,
				6E25C1FB2B5C2A3300FCC927 /* ProfileImageSettingViewModel.swift in Sources */,
				6E0368882B5D6496000C64D2 /* SearchTableViewCell.swift in Sources */,
				6E25C2162B5D049200FCC927 /* SettingViewModel.swift in Sources */,
				6E25C1C42B5A36B100FCC927 /* BaseTableViewCell.swift in Sources */,
				6E25C2062B5CAA8D00FCC927 /* MainTabBarPage.swift in Sources */,
				6E25C1812B592D9800FCC927 /* Product.swift in Sources */,
				6E25C1B32B59F5DB00FCC927 /* DesignSystemManager.swift in Sources */,
				6E25C1832B592DB700FCC927 /* RADTO.swift in Sources */,
				6E25C2112B5D00CD00FCC927 /* SearchCoordinator.swift in Sources */,
				6E25C20F2B5D009800FCC927 /* SearchViewModel.swift in Sources */,
				6E25C1A32B593CC000FCC927 /* NaverAPIParameter.swift in Sources */,
				6E25C16B2B5905B600FCC927 /* UIImageView+.swift in Sources */,
				6E25C1762B59290800FCC927 /* ProductDTO.swift in Sources */,
				6E25C1922B59314600FCC927 /* HTTPClient.swift in Sources */,
				6E25C1E62B5AC0A500FCC927 /* OnboardingViewModel.swift in Sources */,
				6E25C1CE2B5A40D300FCC927 /* BaseCollectionViewController.swift in Sources */,
				6E25C1F32B5BEE7A00FCC927 /* NicknameSettingViewModel.swift in Sources */,
				6E25C1872B592FC400FCC927 /* APIKey.swift in Sources */,
				6E25C1BF2B5A2C8200FCC927 /* User.swift in Sources */,
				6E25C2022B5CA9B000FCC927 /* Profile.swift in Sources */,
				6E25C1F12B5BEE7200FCC927 /* NicknameSettingViewController.swift in Sources */,
				6E25C1732B59258800FCC927 /* RAError.swift in Sources */,
				6E25C17F2B592B3200FCC927 /* Navigatable.swift in Sources */,
				6E25C1E82B5AC0DD00FCC927 /* AuthCoordinator.swift in Sources */,
				6E25C1942B59314600FCC927 /* Endpoint.swift in Sources */,
				6E25C1CC2B5A3B5700FCC927 /* Configurable.swift in Sources */,
				6E25C1EA2B5AC11F00FCC927 /* ViewModel.swift in Sources */,
				6E25C2142B5D045200FCC927 /* SettingCoordinator.swift in Sources */,
				6E25C1F92B5C2A0200FCC927 /* ProfileImageSettingViewController.swift in Sources */,
				6E25C1F52B5C053C00FCC927 /* UITextField+.swift in Sources */,
				6E0368A12B5E20E0000C64D2 /* ProductDetailViewController.swift in Sources */,
				6E0368962B5DFC67000C64D2 /* Int+.swift in Sources */,
				6E25C1C92B5A3A0F00FCC927 /* BaseTableViewController.swift in Sources */,
				6E25C1EC2B5AD0E800FCC927 /* ViewModelController.swift in Sources */,
				6E25C1E42B5ABF4E00FCC927 /* OnboardingViewController.swift in Sources */,
				6E25C1A12B5938AE00FCC927 /* NaverAPIEndpoint.swift in Sources */,
				6E25C1AC2B596D7200FCC927 /* UserDefault.swift in Sources */,
				6E25C20D2B5D009200FCC927 /* SearchViewController.swift in Sources */,
				6E25C1C22B5A342000FCC927 /* BaseViewController.swift in Sources */,
				6E25C1662B5905B600FCC927 /* Array+.swift in Sources */,
				6E25C1D72B5A52A400FCC927 /* CoordinatorError.swift in Sources */,
				6E03688E2B5D7307000C64D2 /* SearchResultViewController.swift in Sources */,
				6E25C1932B59314600FCC927 /* Scheme.swift in Sources */,
				6E25C1962B59314600FCC927 /* Host.swift in Sources */,
				6E25C1642B5905B600FCC927 /* UITableView+.swift in Sources */,
				6E25C13B2B59005C00FCC927 /* AppDelegate.swift in Sources */,
				6E25C16A2B5905B600FCC927 /* UIImage+.swift in Sources */,
				6E25C1B02B59744700FCC927 /* JsonCoder.swift in Sources */,
				6E25C21A2B5D108200FCC927 /* BaseTabBarController.swift in Sources */,
				6E25C2042B5CAA4800FCC927 /* MainTabBarCoordinator.swift in Sources */,
				6E25C2182B5D049900FCC927 /* SettingViewController.swift in Sources */,
				6E25C16D2B5905B600FCC927 /* Navigatable+.swift in Sources */,
				6E25C1912B59314600FCC927 /* APIError.swift in Sources */,
				6E25C13D2B59005C00FCC927 /* SceneDelegate.swift in Sources */,
				6E03689D2B5E014D000C64D2 /* ProductCollectionViewCell.swift in Sources */,
				6E25C1FE2B5C2CE100FCC927 /* ProfileImageCollectionViewCell.swift in Sources */,
			);
			runOnlyForDeploymentPostprocessing = 0;
		};
/* End PBXSourcesBuildPhase section */

/* Begin PBXVariantGroup section */
		6E25C1452B59005D00FCC927 /* LaunchScreen.storyboard */ = {
			isa = PBXVariantGroup;
			children = (
				6E25C1462B59005D00FCC927 /* Base */,
			);
			name = LaunchScreen.storyboard;
			sourceTree = "<group>";
		};
/* End PBXVariantGroup section */

/* Begin XCBuildConfiguration section */
		6E25C1492B59005D00FCC927 /* Debug */ = {
			isa = XCBuildConfiguration;
			buildSettings = {
				ALWAYS_SEARCH_USER_PATHS = NO;
				ASSETCATALOG_COMPILER_GENERATE_SWIFT_ASSET_SYMBOL_EXTENSIONS = YES;
				CLANG_ANALYZER_NONNULL = YES;
				CLANG_ANALYZER_NUMBER_OBJECT_CONVERSION = YES_AGGRESSIVE;
				CLANG_CXX_LANGUAGE_STANDARD = "gnu++20";
				CLANG_ENABLE_MODULES = YES;
				CLANG_ENABLE_OBJC_ARC = YES;
				CLANG_ENABLE_OBJC_WEAK = YES;
				CLANG_WARN_BLOCK_CAPTURE_AUTORELEASING = YES;
				CLANG_WARN_BOOL_CONVERSION = YES;
				CLANG_WARN_COMMA = YES;
				CLANG_WARN_CONSTANT_CONVERSION = YES;
				CLANG_WARN_DEPRECATED_OBJC_IMPLEMENTATIONS = YES;
				CLANG_WARN_DIRECT_OBJC_ISA_USAGE = YES_ERROR;
				CLANG_WARN_DOCUMENTATION_COMMENTS = YES;
				CLANG_WARN_EMPTY_BODY = YES;
				CLANG_WARN_ENUM_CONVERSION = YES;
				CLANG_WARN_INFINITE_RECURSION = YES;
				CLANG_WARN_INT_CONVERSION = YES;
				CLANG_WARN_NON_LITERAL_NULL_CONVERSION = YES;
				CLANG_WARN_OBJC_IMPLICIT_RETAIN_SELF = YES;
				CLANG_WARN_OBJC_LITERAL_CONVERSION = YES;
				CLANG_WARN_OBJC_ROOT_CLASS = YES_ERROR;
				CLANG_WARN_QUOTED_INCLUDE_IN_FRAMEWORK_HEADER = YES;
				CLANG_WARN_RANGE_LOOP_ANALYSIS = YES;
				CLANG_WARN_STRICT_PROTOTYPES = YES;
				CLANG_WARN_SUSPICIOUS_MOVE = YES;
				CLANG_WARN_UNGUARDED_AVAILABILITY = YES_AGGRESSIVE;
				CLANG_WARN_UNREACHABLE_CODE = YES;
				CLANG_WARN__DUPLICATE_METHOD_MATCH = YES;
				COPY_PHASE_STRIP = NO;
				DEBUG_INFORMATION_FORMAT = dwarf;
				ENABLE_STRICT_OBJC_MSGSEND = YES;
				ENABLE_TESTABILITY = YES;
				ENABLE_USER_SCRIPT_SANDBOXING = YES;
				GCC_C_LANGUAGE_STANDARD = gnu17;
				GCC_DYNAMIC_NO_PIC = NO;
				GCC_NO_COMMON_BLOCKS = YES;
				GCC_OPTIMIZATION_LEVEL = 0;
				GCC_PREPROCESSOR_DEFINITIONS = (
					"DEBUG=1",
					"$(inherited)",
				);
				GCC_WARN_64_TO_32_BIT_CONVERSION = YES;
				GCC_WARN_ABOUT_RETURN_TYPE = YES_ERROR;
				GCC_WARN_UNDECLARED_SELECTOR = YES;
				GCC_WARN_UNINITIALIZED_AUTOS = YES_AGGRESSIVE;
				GCC_WARN_UNUSED_FUNCTION = YES;
				GCC_WARN_UNUSED_VARIABLE = YES;
				IPHONEOS_DEPLOYMENT_TARGET = 15.0;
				LOCALIZATION_PREFERS_STRING_CATALOGS = YES;
				MTL_ENABLE_DEBUG_INFO = INCLUDE_SOURCE;
				MTL_FAST_MATH = YES;
				ONLY_ACTIVE_ARCH = YES;
				SDKROOT = iphoneos;
				SWIFT_ACTIVE_COMPILATION_CONDITIONS = "DEBUG $(inherited)";
				SWIFT_OPTIMIZATION_LEVEL = "-Onone";
			};
			name = Debug;
		};
		6E25C14A2B59005D00FCC927 /* Release */ = {
			isa = XCBuildConfiguration;
			buildSettings = {
				ALWAYS_SEARCH_USER_PATHS = NO;
				ASSETCATALOG_COMPILER_GENERATE_SWIFT_ASSET_SYMBOL_EXTENSIONS = YES;
				CLANG_ANALYZER_NONNULL = YES;
				CLANG_ANALYZER_NUMBER_OBJECT_CONVERSION = YES_AGGRESSIVE;
				CLANG_CXX_LANGUAGE_STANDARD = "gnu++20";
				CLANG_ENABLE_MODULES = YES;
				CLANG_ENABLE_OBJC_ARC = YES;
				CLANG_ENABLE_OBJC_WEAK = YES;
				CLANG_WARN_BLOCK_CAPTURE_AUTORELEASING = YES;
				CLANG_WARN_BOOL_CONVERSION = YES;
				CLANG_WARN_COMMA = YES;
				CLANG_WARN_CONSTANT_CONVERSION = YES;
				CLANG_WARN_DEPRECATED_OBJC_IMPLEMENTATIONS = YES;
				CLANG_WARN_DIRECT_OBJC_ISA_USAGE = YES_ERROR;
				CLANG_WARN_DOCUMENTATION_COMMENTS = YES;
				CLANG_WARN_EMPTY_BODY = YES;
				CLANG_WARN_ENUM_CONVERSION = YES;
				CLANG_WARN_INFINITE_RECURSION = YES;
				CLANG_WARN_INT_CONVERSION = YES;
				CLANG_WARN_NON_LITERAL_NULL_CONVERSION = YES;
				CLANG_WARN_OBJC_IMPLICIT_RETAIN_SELF = YES;
				CLANG_WARN_OBJC_LITERAL_CONVERSION = YES;
				CLANG_WARN_OBJC_ROOT_CLASS = YES_ERROR;
				CLANG_WARN_QUOTED_INCLUDE_IN_FRAMEWORK_HEADER = YES;
				CLANG_WARN_RANGE_LOOP_ANALYSIS = YES;
				CLANG_WARN_STRICT_PROTOTYPES = YES;
				CLANG_WARN_SUSPICIOUS_MOVE = YES;
				CLANG_WARN_UNGUARDED_AVAILABILITY = YES_AGGRESSIVE;
				CLANG_WARN_UNREACHABLE_CODE = YES;
				CLANG_WARN__DUPLICATE_METHOD_MATCH = YES;
				COPY_PHASE_STRIP = NO;
				DEBUG_INFORMATION_FORMAT = "dwarf-with-dsym";
				ENABLE_NS_ASSERTIONS = NO;
				ENABLE_STRICT_OBJC_MSGSEND = YES;
				ENABLE_USER_SCRIPT_SANDBOXING = YES;
				GCC_C_LANGUAGE_STANDARD = gnu17;
				GCC_NO_COMMON_BLOCKS = YES;
				GCC_WARN_64_TO_32_BIT_CONVERSION = YES;
				GCC_WARN_ABOUT_RETURN_TYPE = YES_ERROR;
				GCC_WARN_UNDECLARED_SELECTOR = YES;
				GCC_WARN_UNINITIALIZED_AUTOS = YES_AGGRESSIVE;
				GCC_WARN_UNUSED_FUNCTION = YES;
				GCC_WARN_UNUSED_VARIABLE = YES;
				IPHONEOS_DEPLOYMENT_TARGET = 15.0;
				LOCALIZATION_PREFERS_STRING_CATALOGS = YES;
				MTL_ENABLE_DEBUG_INFO = NO;
				MTL_FAST_MATH = YES;
				SDKROOT = iphoneos;
				SWIFT_COMPILATION_MODE = wholemodule;
				VALIDATE_PRODUCT = YES;
			};
			name = Release;
		};
		6E25C14C2B59005D00FCC927 /* Debug */ = {
			isa = XCBuildConfiguration;
			buildSettings = {
				ASSETCATALOG_COMPILER_APPICON_NAME = AppIcon;
				ASSETCATALOG_COMPILER_GLOBAL_ACCENT_COLOR_NAME = AccentColor;
				CODE_SIGN_STYLE = Automatic;
				CURRENT_PROJECT_VERSION = 1;
				DEVELOPMENT_TEAM = 75QZ7682T2;
				GENERATE_INFOPLIST_FILE = YES;
				INFOPLIST_FILE = "SeSAC-Mission-RecapAssignment/Config/Info.plist";
				INFOPLIST_KEY_UIApplicationSupportsIndirectInputEvents = YES;
				INFOPLIST_KEY_UILaunchStoryboardName = LaunchScreen;
				INFOPLIST_KEY_UIMainStoryboardFile = Onboarding;
				INFOPLIST_KEY_UISupportedInterfaceOrientations = UIInterfaceOrientationPortrait;
				INFOPLIST_KEY_UISupportedInterfaceOrientations_iPad = "UIInterfaceOrientationLandscapeLeft UIInterfaceOrientationLandscapeRight UIInterfaceOrientationPortrait UIInterfaceOrientationPortraitUpsideDown";
				INFOPLIST_KEY_UIUserInterfaceStyle = Light;
				IPHONEOS_DEPLOYMENT_TARGET = 15.0;
				LD_RUNPATH_SEARCH_PATHS = (
					"$(inherited)",
					"@executable_path/Frameworks",
				);
				MARKETING_VERSION = 1.0;
				PRODUCT_BUNDLE_IDENTIFIER = "com.Kaz.SeSAC-Mission-RecapAssignment";
				PRODUCT_NAME = "$(TARGET_NAME)";
				SWIFT_EMIT_LOC_STRINGS = YES;
				SWIFT_VERSION = 5.0;
				TARGETED_DEVICE_FAMILY = "1,2";
			};
			name = Debug;
		};
		6E25C14D2B59005D00FCC927 /* Release */ = {
			isa = XCBuildConfiguration;
			buildSettings = {
				ASSETCATALOG_COMPILER_APPICON_NAME = AppIcon;
				ASSETCATALOG_COMPILER_GLOBAL_ACCENT_COLOR_NAME = AccentColor;
				CODE_SIGN_STYLE = Automatic;
				CURRENT_PROJECT_VERSION = 1;
				DEVELOPMENT_TEAM = 75QZ7682T2;
				GENERATE_INFOPLIST_FILE = YES;
				INFOPLIST_FILE = "SeSAC-Mission-RecapAssignment/Config/Info.plist";
				INFOPLIST_KEY_UIApplicationSupportsIndirectInputEvents = YES;
				INFOPLIST_KEY_UILaunchStoryboardName = LaunchScreen;
				INFOPLIST_KEY_UIMainStoryboardFile = Onboarding;
				INFOPLIST_KEY_UISupportedInterfaceOrientations = UIInterfaceOrientationPortrait;
				INFOPLIST_KEY_UISupportedInterfaceOrientations_iPad = "UIInterfaceOrientationLandscapeLeft UIInterfaceOrientationLandscapeRight UIInterfaceOrientationPortrait UIInterfaceOrientationPortraitUpsideDown";
				INFOPLIST_KEY_UIUserInterfaceStyle = Light;
				IPHONEOS_DEPLOYMENT_TARGET = 15.0;
				LD_RUNPATH_SEARCH_PATHS = (
					"$(inherited)",
					"@executable_path/Frameworks",
				);
				MARKETING_VERSION = 1.0;
				PRODUCT_BUNDLE_IDENTIFIER = "com.Kaz.SeSAC-Mission-RecapAssignment";
				PRODUCT_NAME = "$(TARGET_NAME)";
				SWIFT_EMIT_LOC_STRINGS = YES;
				SWIFT_VERSION = 5.0;
				TARGETED_DEVICE_FAMILY = "1,2";
			};
			name = Release;
		};
/* End XCBuildConfiguration section */

/* Begin XCConfigurationList section */
		6E25C1322B59005C00FCC927 /* Build configuration list for PBXProject "SeSAC-Mission-RecapAssignment" */ = {
			isa = XCConfigurationList;
			buildConfigurations = (
				6E25C1492B59005D00FCC927 /* Debug */,
				6E25C14A2B59005D00FCC927 /* Release */,
			);
			defaultConfigurationIsVisible = 0;
			defaultConfigurationName = Release;
		};
		6E25C14B2B59005D00FCC927 /* Build configuration list for PBXNativeTarget "SeSAC-Mission-RecapAssignment" */ = {
			isa = XCConfigurationList;
			buildConfigurations = (
				6E25C14C2B59005D00FCC927 /* Debug */,
				6E25C14D2B59005D00FCC927 /* Release */,
			);
			defaultConfigurationIsVisible = 0;
			defaultConfigurationName = Release;
		};
/* End XCConfigurationList section */

/* Begin XCRemoteSwiftPackageReference section */
		6E25C1972B5931B900FCC927 /* XCRemoteSwiftPackageReference "Alamofire" */ = {
			isa = XCRemoteSwiftPackageReference;
			repositoryURL = "https://github.com/Alamofire/Alamofire";
			requirement = {
				kind = upToNextMajorVersion;
				minimumVersion = 5.8.1;
			};
		};
		6E25C19A2B5931DC00FCC927 /* XCRemoteSwiftPackageReference "Kingfisher" */ = {
			isa = XCRemoteSwiftPackageReference;
			repositoryURL = "https://github.com/onevcat/Kingfisher";
			requirement = {
				kind = upToNextMajorVersion;
				minimumVersion = 7.10.2;
			};
		};
/* End XCRemoteSwiftPackageReference section */

/* Begin XCSwiftPackageProductDependency section */
		6E25C1982B5931B900FCC927 /* Alamofire */ = {
			isa = XCSwiftPackageProductDependency;
			package = 6E25C1972B5931B900FCC927 /* XCRemoteSwiftPackageReference "Alamofire" */;
			productName = Alamofire;
		};
		6E25C19B2B5931DC00FCC927 /* Kingfisher */ = {
			isa = XCSwiftPackageProductDependency;
			package = 6E25C19A2B5931DC00FCC927 /* XCRemoteSwiftPackageReference "Kingfisher" */;
			productName = Kingfisher;
		};
/* End XCSwiftPackageProductDependency section */
	};
	rootObject = 6E25C12F2B59005C00FCC927 /* Project object */;
}
